
Microsoft Visual Studio Solution File, Format Version 12.00
# Visual Studio 15
VisualStudioVersion = 15.0.27130.2024
MinimumVisualStudioVersion = 10.0.40219.1
Project("{9A19103F-16F7-4668-BE54-9A1E7A4F7556}") = "Chat", "Chat\Chat\Chat.csproj", "{6BB52E8C-6959-4500-9A70-9C72483E3C90}"
EndProject
Project("{FAE04EC0-301F-11D3-BF4B-00C04F79EFBC}") = "Chat.Android", "Chat\Chat.Android\Chat.Android.csproj", "{5285B824-9A82-430C-B0EC-A81C9D3E6D64}"
EndProject
Project("{FAE04EC0-301F-11D3-BF4B-00C04F79EFBC}") = "NUnit.Chat", "NUnit.Chat\NUnit.Chat.csproj", "{8EDF4429-251A-416D-BB68-93F227191BCF}"
EndProject
Global
	GlobalSection(SolutionConfigurationPlatforms) = preSolution
		Debug|Any CPU = Debug|Any CPU
		Release|Any CPU = Release|Any CPU
	EndGlobalSection
	GlobalSection(ProjectConfigurationPlatforms) = postSolution
		{6BB52E8C-6959-4500-9A70-9C72483E3C90}.Debug|Any CPU.ActiveCfg = Debug|Any CPU
		{6BB52E8C-6959-4500-9A70-9C72483E3C90}.Debug|Any CPU.Build.0 = Debug|Any CPU
		{6BB52E8C-6959-4500-9A70-9C72483E3C90}.Release|Any CPU.ActiveCfg = Release|Any CPU
		{6BB52E8C-6959-4500-9A70-9C72483E3C90}.Release|Any CPU.Build.0 = Release|Any CPU
		{5285B824-9A82-430C-B0EC-A81C9D3E6D64}.Debug|Any CPU.ActiveCfg = Debug|Any CPU
		{5285B824-9A82-430C-B0EC-A81C9D3E6D64}.Debug|Any CPU.Build.0 = Debug|Any CPU
		{5285B824-9A82-430C-B0EC-A81C9D3E6D64}.Debug|Any CPU.Deploy.0 = Debug|Any CPU
		{5285B824-9A82-430C-B0EC-A81C9D3E6D64}.Release|Any CPU.ActiveCfg = Release|Any CPU
		{5285B824-9A82-430C-B0EC-A81C9D3E6D64}.Release|Any CPU.Build.0 = Release|Any CPU
		{5285B824-9A82-430C-B0EC-A81C9D3E6D64}.Release|Any CPU.Deploy.0 = Release|Any CPU
		{8EDF4429-251A-416D-BB68-93F227191BCF}.Debug|Any CPU.ActiveCfg = Debug|Any CPU
		{8EDF4429-251A-416D-BB68-93F227191BCF}.Debug|Any CPU.Build.0 = Debug|Any CPU
		{8EDF4429-251A-416D-BB68-93F227191BCF}.Release|Any CPU.ActiveCfg = Release|Any CPU
		{8EDF4429-251A-416D-BB68-93F227191BCF}.Release|Any CPU.Build.0 = Release|Any CPU
	EndGlobalSection
	GlobalSection(SolutionProperties) = preSolution
		HideSolutionNode = FALSE
	EndGlobalSection
	GlobalSection(ExtensibilityGlobals) = postSolution
		SolutionGuid = {C7A2C393-9C63-4004-B0DB-9A4AE2F8FF34}
	EndGlobalSection
EndGlobal
